
Microsoft Visual Studio Solution File, Format Version 12.00
# Visual Studio Version 17
VisualStudioVersion = 17.8.34330.188
MinimumVisualStudioVersion = 10.0.40219.1
Project("{FAE04EC0-301F-11D3-BF4B-00C04F79EFBC}") = "PatientService", "PatientService.csproj", "{F57EE692-C3DC-45CC-9B6D-4A1EC3B65718}"
EndProject
Global
	GlobalSection(SolutionConfigurationPlatforms) = preSolution
		Debug|Any CPU = Debug|Any CPU
		Release|Any CPU = Release|Any CPU
	EndGlobalSection
	GlobalSection(ProjectConfigurationPlatforms) = postSolution
		{F57EE692-C3DC-45CC-9B6D-4A1EC3B65718}.Debug|Any CPU.ActiveCfg = Debug|Any CPU
		{F57EE692-C3DC-45CC-9B6D-4A1EC3B65718}.Debug|Any CPU.Build.0 = Debug|Any CPU
		{F57EE692-C3DC-45CC-9B6D-4A1EC3B65718}.Release|Any CPU.ActiveCfg = Release|Any CPU
		{F57EE692-C3DC-45CC-9B6D-4A1EC3B65718}.Release|Any CPU.Build.0 = Release|Any CPU
	EndGlobalSection
	GlobalSection(SolutionProperties) = preSolution
		HideSolutionNode = FALSE
	EndGlobalSection
	GlobalSection(ExtensibilityGlobals) = postSolution
		SolutionGuid = {1562A6BC-469A-4AB9-9ABE-3F42DB62F677}
	EndGlobalSection
EndGlobal
